
Microsoft Visual Studio Solution File, Format Version 12.00
# Visual Studio Version 16
VisualStudioVersion = 25.0.1700.0
MinimumVisualStudioVersion = 10.0.40219.1
Project("{2150E333-8FDC-42A3-9474-1A3956D46DE8}") = "Services", "Services", "{3F05A8F6-1AC5-400D-807D-15F8A0FA82AD}"
EndProject
Project("{2150E333-8FDC-42A3-9474-1A3956D46DE8}") = "Catalog", "Catalog", "{77A9BCE8-9D3E-4D95-A644-8C57AC9485F3}"
EndProject
Project("{FAE04EC0-301F-11D3-BF4B-00C04F79EFBC}") = "Mirror.Service.Catalog", "Services\Catalog\Mirror.Service.Catalog\Mirror.Service.Catalog.csproj", "{F14BD7E2-6B10-4625-8F4E-E0A12FDD4892}"
EndProject
Project("{2150E333-8FDC-42A3-9474-1A3956D46DE8}") = "EndPoint", "EndPoint", "{B9D33CA1-9D19-4FF6-8124-1A995723CF75}"
	ProjectSection(SolutionItems) = preProject
		EndPoint.txt = EndPoint.txt
	EndProjectSection
EndProject
Project("{FAE04EC0-301F-11D3-BF4B-00C04F79EFBC}") = "Mirror.Core", "Core\Core\Mirror.Core.csproj", "{FB4D6EF4-4913-4E71-9EB2-7D0049D9BA1F}"
EndProject
Project("{2150E333-8FDC-42A3-9474-1A3956D46DE8}") = "Core", "Core", "{B399482A-21A1-4669-A65C-75B3B7131548}"
EndProject
Project("{2150E333-8FDC-42A3-9474-1A3956D46DE8}") = "Order", "Order", "{179FF95B-F0B9-4E21-951B-392D87D738AE}"
EndProject
Project("{2150E333-8FDC-42A3-9474-1A3956D46DE8}") = "Discount", "Discount", "{F24CD546-5B9A-48DF-9A10-4C1D0A17D199}"
EndProject
Project("{FAE04EC0-301F-11D3-BF4B-00C04F79EFBC}") = "Mirror.Service.Discount", "Services\Discount\Mirror.Service.Discount\Mirror.Service.Discount.csproj", "{2CDDA151-F735-444D-87D0-A57F18E9D711}"
EndProject
Project("{2150E333-8FDC-42A3-9474-1A3956D46DE8}") = "Basket", "Basket", "{2FBE99D1-4F18-4218-9A28-2571364CE518}"
EndProject
Project("{FAE04EC0-301F-11D3-BF4B-00C04F79EFBC}") = "Mirror.Service.Basket", "Services\Basket\Mirror.Service.Basket\Mirror.Service.Basket.csproj", "{52E26FA6-C791-427F-96B2-5E986DE28771}"
EndProject
Project("{2150E333-8FDC-42A3-9474-1A3956D46DE8}") = "Storage", "Storage", "{B7A403BF-5EB0-4D03-9763-90D224B06D13}"
EndProject
Project("{FAE04EC0-301F-11D3-BF4B-00C04F79EFBC}") = "Mirrror.Service.Storage", "Services\Storage\Mirrror.Service.Storage\Mirrror.Service.Storage.csproj", "{FE1EEA74-6D8B-484A-8B4D-C6CAE86D1077}"
EndProject
Project("{FAE04EC0-301F-11D3-BF4B-00C04F79EFBC}") = "Mirror.Service.Order.Api", "Services\Order\Mirror.Service.Order.Api\Mirror.Service.Order.Api.csproj", "{84303DB9-348C-4428-AF5E-08AC2597C437}"
EndProject
Project("{FAE04EC0-301F-11D3-BF4B-00C04F79EFBC}") = "Mirror.Service.Order.Core", "Services\Order\Mirror.Service.Order.Core\Mirror.Service.Order.Core.csproj", "{CD1EB8AA-DD72-46B6-A097-9E4E62F304ED}"
EndProject
Project("{FAE04EC0-301F-11D3-BF4B-00C04F79EFBC}") = "Mirror.Service.Order.Data", "Services\Order\Mirror.Service.Order.Data\Mirror.Service.Order.Data.csproj", "{1A155B02-B394-42F5-8307-AB21A6F19A9F}"
EndProject
Project("{FAE04EC0-301F-11D3-BF4B-00C04F79EFBC}") = "Mirror.Service.Order.Manager", "Services\Order\Mirror.Service.Order.Manager\Mirror.Service.Order.Manager.csproj", "{07E2DBF0-26ED-42A0-8673-F36FB8DDCE72}"
EndProject
Project("{2150E333-8FDC-42A3-9474-1A3956D46DE8}") = "Gateway", "Gateway", "{C56D44DC-5BCF-4FFC-8135-5F24811C3278}"
EndProject
Project("{FAE04EC0-301F-11D3-BF4B-00C04F79EFBC}") = "Mirror.Gateway", "Gateway\Mirror.Gateway\Mirror.Gateway.csproj", "{9E1B9895-DB64-4521-89B5-E64EDA4876E3}"
EndProject
Global
	GlobalSection(SolutionConfigurationPlatforms) = preSolution
		Debug|Any CPU = Debug|Any CPU
		Release|Any CPU = Release|Any CPU
	EndGlobalSection
	GlobalSection(ProjectConfigurationPlatforms) = postSolution
		{F14BD7E2-6B10-4625-8F4E-E0A12FDD4892}.Debug|Any CPU.ActiveCfg = Debug|Any CPU
		{F14BD7E2-6B10-4625-8F4E-E0A12FDD4892}.Debug|Any CPU.Build.0 = Debug|Any CPU
		{F14BD7E2-6B10-4625-8F4E-E0A12FDD4892}.Release|Any CPU.ActiveCfg = Release|Any CPU
		{F14BD7E2-6B10-4625-8F4E-E0A12FDD4892}.Release|Any CPU.Build.0 = Release|Any CPU
		{FB4D6EF4-4913-4E71-9EB2-7D0049D9BA1F}.Debug|Any CPU.ActiveCfg = Debug|Any CPU
		{FB4D6EF4-4913-4E71-9EB2-7D0049D9BA1F}.Debug|Any CPU.Build.0 = Debug|Any CPU
		{FB4D6EF4-4913-4E71-9EB2-7D0049D9BA1F}.Release|Any CPU.ActiveCfg = Release|Any CPU
		{FB4D6EF4-4913-4E71-9EB2-7D0049D9BA1F}.Release|Any CPU.Build.0 = Release|Any CPU
		{2CDDA151-F735-444D-87D0-A57F18E9D711}.Debug|Any CPU.ActiveCfg = Debug|Any CPU
		{2CDDA151-F735-444D-87D0-A57F18E9D711}.Debug|Any CPU.Build.0 = Debug|Any CPU
		{2CDDA151-F735-444D-87D0-A57F18E9D711}.Release|Any CPU.ActiveCfg = Release|Any CPU
		{2CDDA151-F735-444D-87D0-A57F18E9D711}.Release|Any CPU.Build.0 = Release|Any CPU
		{52E26FA6-C791-427F-96B2-5E986DE28771}.Debug|Any CPU.ActiveCfg = Debug|Any CPU
		{52E26FA6-C791-427F-96B2-5E986DE28771}.Debug|Any CPU.Build.0 = Debug|Any CPU
		{52E26FA6-C791-427F-96B2-5E986DE28771}.Release|Any CPU.ActiveCfg = Release|Any CPU
		{52E26FA6-C791-427F-96B2-5E986DE28771}.Release|Any CPU.Build.0 = Release|Any CPU
		{FE1EEA74-6D8B-484A-8B4D-C6CAE86D1077}.Debug|Any CPU.ActiveCfg = Debug|Any CPU
		{FE1EEA74-6D8B-484A-8B4D-C6CAE86D1077}.Debug|Any CPU.Build.0 = Debug|Any CPU
		{FE1EEA74-6D8B-484A-8B4D-C6CAE86D1077}.Release|Any CPU.ActiveCfg = Release|Any CPU
		{FE1EEA74-6D8B-484A-8B4D-C6CAE86D1077}.Release|Any CPU.Build.0 = Release|Any CPU
		{84303DB9-348C-4428-AF5E-08AC2597C437}.Debug|Any CPU.ActiveCfg = Debug|Any CPU
		{84303DB9-348C-4428-AF5E-08AC2597C437}.Debug|Any CPU.Build.0 = Debug|Any CPU
		{84303DB9-348C-4428-AF5E-08AC2597C437}.Release|Any CPU.ActiveCfg = Release|Any CPU
		{84303DB9-348C-4428-AF5E-08AC2597C437}.Release|Any CPU.Build.0 = Release|Any CPU
		{CD1EB8AA-DD72-46B6-A097-9E4E62F304ED}.Debug|Any CPU.ActiveCfg = Debug|Any CPU
		{CD1EB8AA-DD72-46B6-A097-9E4E62F304ED}.Debug|Any CPU.Build.0 = Debug|Any CPU
		{CD1EB8AA-DD72-46B6-A097-9E4E62F304ED}.Release|Any CPU.ActiveCfg = Release|Any CPU
		{CD1EB8AA-DD72-46B6-A097-9E4E62F304ED}.Release|Any CPU.Build.0 = Release|Any CPU
		{1A155B02-B394-42F5-8307-AB21A6F19A9F}.Debug|Any CPU.ActiveCfg = Debug|Any CPU
		{1A155B02-B394-42F5-8307-AB21A6F19A9F}.Debug|Any CPU.Build.0 = Debug|Any CPU
		{1A155B02-B394-42F5-8307-AB21A6F19A9F}.Release|Any CPU.ActiveCfg = Release|Any CPU
		{1A155B02-B394-42F5-8307-AB21A6F19A9F}.Release|Any CPU.Build.0 = Release|Any CPU
		{07E2DBF0-26ED-42A0-8673-F36FB8DDCE72}.Debug|Any CPU.ActiveCfg = Debug|Any CPU
		{07E2DBF0-26ED-42A0-8673-F36FB8DDCE72}.Debug|Any CPU.Build.0 = Debug|Any CPU
		{07E2DBF0-26ED-42A0-8673-F36FB8DDCE72}.Release|Any CPU.ActiveCfg = Release|Any CPU
		{07E2DBF0-26ED-42A0-8673-F36FB8DDCE72}.Release|Any CPU.Build.0 = Release|Any CPU
		{9E1B9895-DB64-4521-89B5-E64EDA4876E3}.Debug|Any CPU.ActiveCfg = Debug|Any CPU
		{9E1B9895-DB64-4521-89B5-E64EDA4876E3}.Debug|Any CPU.Build.0 = Debug|Any CPU
		{9E1B9895-DB64-4521-89B5-E64EDA4876E3}.Release|Any CPU.ActiveCfg = Release|Any CPU
		{9E1B9895-DB64-4521-89B5-E64EDA4876E3}.Release|Any CPU.Build.0 = Release|Any CPU
	EndGlobalSection
	GlobalSection(SolutionProperties) = preSolution
		HideSolutionNode = FALSE
	EndGlobalSection
	GlobalSection(ExtensibilityGlobals) = postSolution
		SolutionGuid = {DA6989DD-DA66-484C-A92E-15DD74CEF585}
	EndGlobalSection
	GlobalSection(NestedProjects) = preSolution
		{77A9BCE8-9D3E-4D95-A644-8C57AC9485F3} = {3F05A8F6-1AC5-400D-807D-15F8A0FA82AD}
		{F14BD7E2-6B10-4625-8F4E-E0A12FDD4892} = {77A9BCE8-9D3E-4D95-A644-8C57AC9485F3}
		{FB4D6EF4-4913-4E71-9EB2-7D0049D9BA1F} = {B399482A-21A1-4669-A65C-75B3B7131548}
		{179FF95B-F0B9-4E21-951B-392D87D738AE} = {3F05A8F6-1AC5-400D-807D-15F8A0FA82AD}
		{F24CD546-5B9A-48DF-9A10-4C1D0A17D199} = {3F05A8F6-1AC5-400D-807D-15F8A0FA82AD}
		{2CDDA151-F735-444D-87D0-A57F18E9D711} = {F24CD546-5B9A-48DF-9A10-4C1D0A17D199}
		{2FBE99D1-4F18-4218-9A28-2571364CE518} = {3F05A8F6-1AC5-400D-807D-15F8A0FA82AD}
		{52E26FA6-C791-427F-96B2-5E986DE28771} = {2FBE99D1-4F18-4218-9A28-2571364CE518}
		{B7A403BF-5EB0-4D03-9763-90D224B06D13} = {3F05A8F6-1AC5-400D-807D-15F8A0FA82AD}
		{FE1EEA74-6D8B-484A-8B4D-C6CAE86D1077} = {B7A403BF-5EB0-4D03-9763-90D224B06D13}
		{84303DB9-348C-4428-AF5E-08AC2597C437} = {179FF95B-F0B9-4E21-951B-392D87D738AE}
		{CD1EB8AA-DD72-46B6-A097-9E4E62F304ED} = {179FF95B-F0B9-4E21-951B-392D87D738AE}
		{1A155B02-B394-42F5-8307-AB21A6F19A9F} = {179FF95B-F0B9-4E21-951B-392D87D738AE}
		{07E2DBF0-26ED-42A0-8673-F36FB8DDCE72} = {179FF95B-F0B9-4E21-951B-392D87D738AE}
		{9E1B9895-DB64-4521-89B5-E64EDA4876E3} = {C56D44DC-5BCF-4FFC-8135-5F24811C3278}
	EndGlobalSection
EndGlobal
